
Microsoft Visual Studio Solution File, Format Version 12.00
# Visual Studio Version 16
VisualStudioVersion = 16.0.30503.244
MinimumVisualStudioVersion = 10.0.40219.1
Project("{FAE04EC0-301F-11D3-BF4B-00C04F79EFBC}") = "MvcOnlineTicariOtomasyon", "MvcOnlineTicariOtomasyon\MvcOnlineTicariOtomasyon.csproj", "{2C280A15-FB2F-41D6-A604-67F913CCF092}"
EndProject
Global
	GlobalSection(SolutionConfigurationPlatforms) = preSolution
		Debug|Any CPU = Debug|Any CPU
		Release|Any CPU = Release|Any CPU
	EndGlobalSection
	GlobalSection(ProjectConfigurationPlatforms) = postSolution
		{2C280A15-FB2F-41D6-A604-67F913CCF092}.Debug|Any CPU.ActiveCfg = Debug|Any CPU
		{2C280A15-FB2F-41D6-A604-67F913CCF092}.Debug|Any CPU.Build.0 = Debug|Any CPU
		{2C280A15-FB2F-41D6-A604-67F913CCF092}.Release|Any CPU.ActiveCfg = Release|Any CPU
		{2C280A15-FB2F-41D6-A604-67F913CCF092}.Release|Any CPU.Build.0 = Release|Any CPU
	EndGlobalSection
	GlobalSection(SolutionProperties) = preSolution
		HideSolutionNode = FALSE
	EndGlobalSection
	GlobalSection(ExtensibilityGlobals) = postSolution
		SolutionGuid = {BDF5ADED-45B6-4916-9673-E7C339541D53}
	EndGlobalSection
EndGlobal
